<?xml version="1.0" encoding="utf-8"?>
<Project ToolsVersion="4.0" xmlns="http://schemas.microsoft.com/developer/msbuild/2003">
  <ItemGroup>
    <Filter Include="include">
      <UniqueIdentifier>{89AF369E-F58E-B539-FEA6-40106A051C9B}</UniqueIdentifier>
    </Filter>
    <Filter Include="include\CPU">
      <UniqueIdentifier>{8039C031-ECEE-3827-75E3-32FEE1972F2B}</UniqueIdentifier>
    </Filter>
    <Filter Include="src">
      <UniqueIdentifier>{2DAB880B-99B4-887C-2230-9F7C8E38947C}</UniqueIdentifier>
    </Filter>
  </ItemGroup>
  <ItemGroup>
    <ClInclude Include="include\CPU\Core.h">
      <Filter>include\CPU</Filter>
    </ClInclude>
    <ClInclude Include="include\CPU\CPU.h" />
  </ItemGroup>
  <ItemGroup>
    <ClCompile Include="src\CPU.cpp">
      <Filter>src</Filter>
    </ClCompile>
  </ItemGroup>
</Project>